<?xml version="1.0" encoding="utf-8"?>
<Project ToolsVersion="4.0" xmlns="http://schemas.microsoft.com/developer/msbuild/2003">
  <ItemGroup>
    <Filter Include="Sound">
      <UniqueIdentifier>{64247810-c0b1-439f-a2f8-5df653eb67a7}</UniqueIdentifier>
    </Filter>
    <Filter Include="Error">
      <UniqueIdentifier>{8dd665cb-7d19-4197-9040-11f3670414d7}</UniqueIdentifier>
    </Filter>
    <Filter Include="Data">
      <UniqueIdentifier>{42a9cf25-fd49-4390-a960-212017e1ab3e}</UniqueIdentifier>
    </Filter>
  </ItemGroup>
  <ItemGroup>
    <ClCompile Include="..\..\..\..\Dark Basic Pro SDK\SHARED\Sound\CSoundC.cpp">
      <Filter>Sound</Filter>
    </ClCompile>
    <ClCompile Include="..\..\..\..\Dark Basic Pro SDK\SHARED\Sound\CSoundManagerC.cpp">
      <Filter>Sound</Filter>
    </ClCompile>
    <ClCompile Include="..\..\..\..\Dark Basic Pro SDK\SHARED\Sound\dsutil.cpp">
      <Filter>Sound</Filter>
    </ClCompile>
    <ClCompile Include="..\..\..\..\Dark Basic Pro SDK\SHARED\Sound\dxutil.cpp">
      <Filter>Sound</Filter>
    </ClCompile>
    <ClCompile Include="..\..\..\..\Dark Basic Pro SDK\SHARED\Data\CDataC.cpp">
      <Filter>Data</Filter>
    </ClCompile>
    <ClCompile Include="..\..\..\..\Dark Basic Pro SDK\Shared\Sound\ADPCMtoWAV.cpp" />
    <ClCompile Include="..\..\..\..\Dark Basic Pro SDK\SHARED\Core\globstruct.cpp" />
  </ItemGroup>
  <ItemGroup>
    <ClInclude Include="..\..\..\..\Dark Basic Pro SDK\SHARED\Sound\CSoundC.h">
      <Filter>Sound</Filter>
    </ClInclude>
    <ClInclude Include="..\..\..\..\Dark Basic Pro SDK\SHARED\Sound\CSoundDataC.h">
      <Filter>Sound</Filter>
    </ClInclude>
    <ClInclude Include="..\..\..\..\Dark Basic Pro SDK\SHARED\Sound\CSoundManagerC.h">
      <Filter>Sound</Filter>
    </ClInclude>
    <ClInclude Include="..\..\..\..\Dark Basic Pro SDK\SHARED\Sound\dsutil.h">
      <Filter>Sound</Filter>
    </ClInclude>
    <ClInclude Include="..\..\..\..\Dark Basic Pro SDK\SHARED\Sound\dxutil.h">
      <Filter>Sound</Filter>
    </ClInclude>
    <ClInclude Include="..\..\..\..\Dark Basic Pro SDK\SHARED\Error\CError.h">
      <Filter>Error</Filter>
    </ClInclude>
    <ClInclude Include="..\..\..\..\Dark Basic Pro SDK\SHARED\Error\CRuntimeErrors.h">
      <Filter>Error</Filter>
    </ClInclude>
    <ClInclude Include="..\..\..\..\Dark Basic Pro SDK\SHARED\Data\CDataC.h">
      <Filter>Data</Filter>
    </ClInclude>
    <ClInclude Include="..\..\..\..\Dark Basic Pro SDK\Shared\Sound\ADPCMtoWAV.h" />
    <ClInclude Include="..\..\..\..\Dark Basic Pro SDK\SHARED\Core\globstruct.h" />
  </ItemGroup>
</Project>