<?xml version="1.0" encoding="utf-8"?>
<Project ToolsVersion="4.0" xmlns="http://schemas.microsoft.com/developer/msbuild/2003">
  <ItemGroup>
    <Filter Include="Data">
      <UniqueIdentifier>{5e4ead0d-44bf-4b8b-84d0-e32e074a1a5e}</UniqueIdentifier>
    </Filter>
    <Filter Include="Sprites">
      <UniqueIdentifier>{b752a637-03d0-4ff4-8a26-458c26c4433b}</UniqueIdentifier>
    </Filter>
    <Filter Include="Error">
      <UniqueIdentifier>{0fe0f21d-d584-49aa-b21a-15e7712264ab}</UniqueIdentifier>
    </Filter>
  </ItemGroup>
  <ItemGroup>
    <ClCompile Include="..\..\..\..\Dark Basic Pro SDK\SHARED\Data\CDataC.cpp">
      <Filter>Data</Filter>
    </ClCompile>
    <ClCompile Include="..\..\..\..\Dark Basic Pro SDK\SHARED\Sprites\CSpriteManagerC.cpp">
      <Filter>Sprites</Filter>
    </ClCompile>
    <ClCompile Include="..\..\..\..\Dark Basic Pro SDK\SHARED\Sprites\CSpritesC.cpp">
      <Filter>Sprites</Filter>
    </ClCompile>
  </ItemGroup>
  <ItemGroup>
    <ClInclude Include="..\..\..\..\Dark Basic Pro SDK\SHARED\Data\CDataC.h">
      <Filter>Data</Filter>
    </ClInclude>
    <ClInclude Include="..\..\..\..\Dark Basic Pro SDK\SHARED\Sprites\CSpriteDataC.h">
      <Filter>Sprites</Filter>
    </ClInclude>
    <ClInclude Include="..\..\..\..\Dark Basic Pro SDK\SHARED\Sprites\CSpriteManagerC.h">
      <Filter>Sprites</Filter>
    </ClInclude>
    <ClInclude Include="..\..\..\..\Dark Basic Pro SDK\SHARED\Sprites\CSpritesC.h">
      <Filter>Sprites</Filter>
    </ClInclude>
    <ClInclude Include="..\..\..\..\Dark Basic Pro SDK\SHARED\Sprites\ImageSupport.h">
      <Filter>Sprites</Filter>
    </ClInclude>
    <ClInclude Include="..\..\..\..\Dark Basic Pro SDK\SHARED\Error\CError.h">
      <Filter>Error</Filter>
    </ClInclude>
    <ClInclude Include="..\..\..\..\Dark Basic Pro SDK\SHARED\Error\CRuntimeErrors.h">
      <Filter>Error</Filter>
    </ClInclude>
  </ItemGroup>
</Project>